Microsoft Visual Studio Solution File, Format Version 12.00
# Visual Studio 2012
Project("{FAE04EC0-301F-11D3-BF4B-00C04F79EFBC}") = "space_run", "space_run.csproj", "{239A0D38-0511-4547-BBDD-5457B3E77466}"
EndProject
Global
	GlobalSection(SolutionConfigurationPlatforms) = preSolution
	Debug|Any CPU = Debug|Any CPU
	ExportDebug|Any CPU = ExportDebug|Any CPU
	ExportRelease|Any CPU = ExportRelease|Any CPU
	EndGlobalSection
	GlobalSection(ProjectConfigurationPlatforms) = postSolution
		{239A0D38-0511-4547-BBDD-5457B3E77466}.Debug|Any CPU.ActiveCfg = Debug|Any CPU
		{239A0D38-0511-4547-BBDD-5457B3E77466}.Debug|Any CPU.Build.0 = Debug|Any CPU
		{239A0D38-0511-4547-BBDD-5457B3E77466}.ExportDebug|Any CPU.ActiveCfg = ExportDebug|Any CPU
		{239A0D38-0511-4547-BBDD-5457B3E77466}.ExportDebug|Any CPU.Build.0 = ExportDebug|Any CPU
		{239A0D38-0511-4547-BBDD-5457B3E77466}.ExportRelease|Any CPU.ActiveCfg = ExportRelease|Any CPU
		{239A0D38-0511-4547-BBDD-5457B3E77466}.ExportRelease|Any CPU.Build.0 = ExportRelease|Any CPU
	EndGlobalSection
EndGlobal
